
Microsoft Visual Studio Solution File, Format Version 12.00
# Visual Studio 14
VisualStudioVersion = 14.0.25420.1
MinimumVisualStudioVersion = 10.0.40219.1
Project("{FAE04EC0-301F-11D3-BF4B-00C04F79EFBC}") = "CodeCaster.SerializeThis", "CodeCaster.SerializeThis\CodeCaster.SerializeThis.csproj", "{47AB8FC5-CE41-40AD-AC3A-F5ADD685B19B}"
EndProject
Global
	GlobalSection(SolutionConfigurationPlatforms) = preSolution
		Debug|Any CPU = Debug|Any CPU
		Release|Any CPU = Release|Any CPU
	EndGlobalSection
	GlobalSection(ProjectConfigurationPlatforms) = postSolution
		{47AB8FC5-CE41-40AD-AC3A-F5ADD685B19B}.Debug|Any CPU.ActiveCfg = Debug|Any CPU
		{47AB8FC5-CE41-40AD-AC3A-F5ADD685B19B}.Debug|Any CPU.Build.0 = Debug|Any CPU
		{47AB8FC5-CE41-40AD-AC3A-F5ADD685B19B}.Release|Any CPU.ActiveCfg = Release|Any CPU
		{47AB8FC5-CE41-40AD-AC3A-F5ADD685B19B}.Release|Any CPU.Build.0 = Release|Any CPU
	EndGlobalSection
	GlobalSection(SolutionProperties) = preSolution
		HideSolutionNode = FALSE
	EndGlobalSection
EndGlobal
